
Microsoft Visual Studio Solution File, Format Version 12.00
# Visual Studio Version 17
VisualStudioVersion = 17.8.34525.116
MinimumVisualStudioVersion = 10.0.40219.1
Project("{FAE04EC0-301F-11D3-BF4B-00C04F79EFBC}") = "ReadLine", "ReadLine\ReadLine.csproj", "{A2198A0B-9BEF-4D20-A254-743326A7D38B}"
EndProject
Global
	GlobalSection(SolutionConfigurationPlatforms) = preSolution
		Debug|Any CPU = Debug|Any CPU
		Release|Any CPU = Release|Any CPU
	EndGlobalSection
	GlobalSection(ProjectConfigurationPlatforms) = postSolution
		{A2198A0B-9BEF-4D20-A254-743326A7D38B}.Debug|Any CPU.ActiveCfg = Debug|Any CPU
		{A2198A0B-9BEF-4D20-A254-743326A7D38B}.Debug|Any CPU.Build.0 = Debug|Any CPU
		{A2198A0B-9BEF-4D20-A254-743326A7D38B}.Release|Any CPU.ActiveCfg = Release|Any CPU
		{A2198A0B-9BEF-4D20-A254-743326A7D38B}.Release|Any CPU.Build.0 = Release|Any CPU
	EndGlobalSection
	GlobalSection(SolutionProperties) = preSolution
		HideSolutionNode = FALSE
	EndGlobalSection
	GlobalSection(ExtensibilityGlobals) = postSolution
		SolutionGuid = {FA45EADF-1D3A-4D44-8B1A-420A0D47E196}
	EndGlobalSection
EndGlobal
